<Solution>
  <Configurations>
    <Platform Name="Any CPU" />
    <Platform Name="x64" />
    <Platform Name="x86" />
  </Configurations>
  <Folder Name="/IoC/">
    <Project Path="src/IoC/Kekiri.IoC.Autofac/Kekiri.IoC.Autofac.csproj" />
    <Project Path="src/IoC/Kekiri.IoC.ServiceProvider/Kekiri.IoC.ServiceProvider.csproj" />
  </Folder>
  <Folder Name="/Runners/">
    <Project Path="src/IoC/Kekiri.Examples.WebApp/Kekiri.Examples.WebApp.csproj" />
  </Folder>
  <Folder Name="/Runners/NUnit/">
    <Project Path="src/Runners/NUnit/Kekiri.Examples.NUnit/Kekiri.Examples.NUnit.csproj" />
    <Project Path="src/Runners/NUnit/Kekiri.Examples.NUnit.ServiceProvider/Kekiri.Examples.NUnit.ServiceProvider.csproj" />
    <Project Path="src/Runners/NUnit/Kekiri.Examples.NUnit.ServiceProvider.Startup/Kekiri.Examples.NUnit.ServiceProvider.Startup.csproj" />
    <Project Path="src/Runners/NUnit/Kekiri.NUnit/Kekiri.NUnit.csproj" />
  </Folder>
  <Folder Name="/Runners/Xunit/">
    <Project Path="src/Runners/Xunit/Kekiri.Examples.Xunit/Kekiri.Examples.Xunit.csproj" />
    <Project Path="src/Runners/Xunit/Kekiri.Examples.Xunit.Autofac.Customized/Kekiri.Examples.Xunit.Autofac.Customized.csproj" />
    <Project Path="src/Runners/Xunit/Kekiri.Examples.Xunit.ServiceProvider/Kekiri.Examples.Xunit.ServiceProvider.csproj" />
    <Project Path="src/Runners/Xunit/Kekiri.Examples.Xunit.ServiceProvider.Startup/Kekiri.Examples.Xunit.ServiceProvider.Startup.csproj" />
    <Project Path="src/Runners/Xunit/Kekiri.Xunit/Kekiri.Xunit.csproj" />
  </Folder>
  <Project Path="src/Kekiri/Kekiri.csproj" />
</Solution>
